// !$*UTF8*$!
{
	archiveVersion = 1;
	classes = {
	};
	objectVersion = 46;
	objects = {

/* Begin PBXBuildFile section */
		0466D25C1A77596600092D08 /* main.m in Sources */ = {isa = PBXBuildFile; fileRef = 0466D25B1A77596600092D08 /* main.m */; };
		0466D25F1A77596600092D08 /* AppDelegate.m in Sources */ = {isa = PBXBuildFile; fileRef = 0466D25E1A77596600092D08 /* AppDelegate.m */; };
		0466D2621A77596600092D08 /* ViewController.m in Sources */ = {isa = PBXBuildFile; fileRef = 0466D2611A77596600092D08 /* ViewController.m */; };
		0466D2651A77596600092D08 /* Main.storyboard in Resources */ = {isa = PBXBuildFile; fileRef = 0466D2631A77596600092D08 /* Main.storyboard */; };
		0466D2671A77596600092D08 /* Images.xcassets in Resources */ = {isa = PBXBuildFile; fileRef = 0466D2661A77596600092D08 /* Images.xcassets */; };
		0466D26A1A77596600092D08 /* LaunchScreen.xib in Resources */ = {isa = PBXBuildFile; fileRef = 0466D2681A77596600092D08 /* LaunchScreen.xib */; };
		0466D2761A77596600092D08 /* ABDVideoExtractTests.m in Sources */ = {isa = PBXBuildFile; fileRef = 0466D2751A77596600092D08 /* ABDVideoExtractTests.m */; };
		046F7C171A7A01C300084B94 /* slider_active@2x.png in Resources */ = {isa = PBXBuildFile; fileRef = 046F7C131A7A01C300084B94 /* slider_active@2x.png */; };
		046F7C181A7A01C300084B94 /* slider_deactive@2x.png in Resources */ = {isa = PBXBuildFile; fileRef = 046F7C141A7A01C300084B94 /* slider_deactive@2x.png */; };
		046F7C191A7A01C300084B94 /* slider_section_active@2x.png in Resources */ = {isa = PBXBuildFile; fileRef = 046F7C151A7A01C300084B94 /* slider_section_active@2x.png */; };
		046F7C1A1A7A01C300084B94 /* slider_thumb@2x.png in Resources */ = {isa = PBXBuildFile; fileRef = 046F7C161A7A01C300084B94 /* slider_thumb@2x.png */; };
		04E3AFC31A81E865002DBB4D /* AVFoundation.framework in Frameworks */ = {isa = PBXBuildFile; fileRef = 04E3AFC21A81E865002DBB4D /* AVFoundation.framework */; };
		7772229CF85E509617B60DAB /* ABDExtractSlider.m in Sources */ = {isa = PBXBuildFile; fileRef = 777224EB1B0C458AC2423CF0 /* ABDExtractSlider.m */; };
		777227875D7B095B5DDCE276 /* ExtractSection.m in Sources */ = {isa = PBXBuildFile; fileRef = 7772267CEB501E29A49C8FC7 /* ExtractSection.m */; };
		77722E1C6757CA840EDD768A /* ABDPlaybackView.m in Sources */ = {isa = PBXBuildFile; fileRef = 77722D79972462C08E0CF93C /* ABDPlaybackView.m */; };
		77722EDEFEF592E1238603FF /* ABDPlayerControls.m in Sources */ = {isa = PBXBuildFile; fileRef = 77722589955D461E8EE4F7F7 /* ABDPlayerControls.m */; };
		77722F54027E30E92EEF59E5 /* ABDPlayerViewController.m in Sources */ = {isa = PBXBuildFile; fileRef = 7772254FA99B63169523E033 /* ABDPlayerViewController.m */; };
		BE8A7480BCE6ABF5789B53B1 /* libPods.a in Frameworks */ = {isa = PBXBuildFile; fileRef = D78DA377083B18294D2CE893 /* libPods.a */; };
/* End PBXBuildFile section */

/* Begin PBXContainerItemProxy section */
		0466D2701A77596600092D08 /* PBXContainerItemProxy */ = {
			isa = PBXContainerItemProxy;
			containerPortal = 0466D24E1A77596600092D08 /* Project object */;
			proxyType = 1;
			remoteGlobalIDString = 0466D2551A77596600092D08;
			remoteInfo = ABDVideoExtract;
		};
/* End PBXContainerItemProxy section */

/* Begin PBXFileReference section */
		0466D2561A77596600092D08 /* ABDVideoExtract.app */ = {isa = PBXFileReference; explicitFileType = wrapper.application; includeInIndex = 0; path = ABDVideoExtract.app; sourceTree = BUILT_PRODUCTS_DIR; };
		0466D25A1A77596600092D08 /* Info.plist */ = {isa = PBXFileReference; lastKnownFileType = text.plist.xml; path = Info.plist; sourceTree = "<group>"; };
		0466D25B1A77596600092D08 /* main.m */ = {isa = PBXFileReference; lastKnownFileType = sourcecode.c.objc; path = main.m; sourceTree = "<group>"; };
		0466D25D1A77596600092D08 /* AppDelegate.h */ = {isa = PBXFileReference; lastKnownFileType = sourcecode.c.h; path = AppDelegate.h; sourceTree = "<group>"; };
		0466D25E1A77596600092D08 /* AppDelegate.m */ = {isa = PBXFileReference; lastKnownFileType = sourcecode.c.objc; path = AppDelegate.m; sourceTree = "<group>"; };
		0466D2601A77596600092D08 /* ViewController.h */ = {isa = PBXFileReference; lastKnownFileType = sourcecode.c.h; path = ViewController.h; sourceTree = "<group>"; };
		0466D2611A77596600092D08 /* ViewController.m */ = {isa = PBXFileReference; lastKnownFileType = sourcecode.c.objc; path = ViewController.m; sourceTree = "<group>"; };
		0466D2641A77596600092D08 /* Base */ = {isa = PBXFileReference; lastKnownFileType = file.storyboard; name = Base; path = Base.lproj/Main.storyboard; sourceTree = "<group>"; };
		0466D2661A77596600092D08 /* Images.xcassets */ = {isa = PBXFileReference; lastKnownFileType = folder.assetcatalog; path = Images.xcassets; sourceTree = "<group>"; };
		0466D2691A77596600092D08 /* Base */ = {isa = PBXFileReference; lastKnownFileType = file.xib; name = Base; path = Base.lproj/LaunchScreen.xib; sourceTree = "<group>"; };
		0466D26F1A77596600092D08 /* ABDVideoExtractTests.xctest */ = {isa = PBXFileReference; explicitFileType = wrapper.cfbundle; includeInIndex = 0; path = ABDVideoExtractTests.xctest; sourceTree = BUILT_PRODUCTS_DIR; };
		0466D2741A77596600092D08 /* Info.plist */ = {isa = PBXFileReference; lastKnownFileType = text.plist.xml; path = Info.plist; sourceTree = "<group>"; };
		0466D2751A77596600092D08 /* ABDVideoExtractTests.m */ = {isa = PBXFileReference; lastKnownFileType = sourcecode.c.objc; path = ABDVideoExtractTests.m; sourceTree = "<group>"; };
		046F7C131A7A01C300084B94 /* slider_active@2x.png */ = {isa = PBXFileReference; lastKnownFileType = image.png; path = "slider_active@2x.png"; sourceTree = "<group>"; };
		046F7C141A7A01C300084B94 /* slider_deactive@2x.png */ = {isa = PBXFileReference; lastKnownFileType = image.png; path = "slider_deactive@2x.png"; sourceTree = "<group>"; };
		046F7C151A7A01C300084B94 /* slider_section_active@2x.png */ = {isa = PBXFileReference; lastKnownFileType = image.png; path = "slider_section_active@2x.png"; sourceTree = "<group>"; };
		046F7C161A7A01C300084B94 /* slider_thumb@2x.png */ = {isa = PBXFileReference; lastKnownFileType = image.png; path = "slider_thumb@2x.png"; sourceTree = "<group>"; };
		04E3AFC21A81E865002DBB4D /* AVFoundation.framework */ = {isa = PBXFileReference; lastKnownFileType = wrapper.framework; name = AVFoundation.framework; path = System/Library/Frameworks/AVFoundation.framework; sourceTree = SDKROOT; };
		50F14C761127AA8BCD082E3B /* Pods.debug.xcconfig */ = {isa = PBXFileReference; includeInIndex = 1; lastKnownFileType = text.xcconfig; name = Pods.debug.xcconfig; path = "../Pods/Target Support Files/Pods/Pods.debug.xcconfig"; sourceTree = "<group>"; };
		77722022BAA09760E74C1E0D /* ABDExtractSlider.h */ = {isa = PBXFileReference; fileEncoding = 4; lastKnownFileType = sourcecode.c.h; path = ABDExtractSlider.h; sourceTree = "<group>"; };
		7772208354F438CE6D1DBD4E /* ABDPlayerControls.h */ = {isa = PBXFileReference; fileEncoding = 4; lastKnownFileType = sourcecode.c.h; path = ABDPlayerControls.h; sourceTree = "<group>"; };
		777222CA363D93E8DD57617C /* ABDPlayerViewController.h */ = {isa = PBXFileReference; fileEncoding = 4; lastKnownFileType = sourcecode.c.h; path = ABDPlayerViewController.h; sourceTree = "<group>"; };
		777223394EC4D7CDD41EAC48 /* ExtractSection.h */ = {isa = PBXFileReference; fileEncoding = 4; lastKnownFileType = sourcecode.c.h; path = ExtractSection.h; sourceTree = "<group>"; };
		777224EB1B0C458AC2423CF0 /* ABDExtractSlider.m */ = {isa = PBXFileReference; fileEncoding = 4; lastKnownFileType = sourcecode.c.objc; path = ABDExtractSlider.m; sourceTree = "<group>"; };
		7772254FA99B63169523E033 /* ABDPlayerViewController.m */ = {isa = PBXFileReference; fileEncoding = 4; lastKnownFileType = sourcecode.c.objc; path = ABDPlayerViewController.m; sourceTree = "<group>"; };
		77722589955D461E8EE4F7F7 /* ABDPlayerControls.m */ = {isa = PBXFileReference; fileEncoding = 4; lastKnownFileType = sourcecode.c.objc; path = ABDPlayerControls.m; sourceTree = "<group>"; };
		7772267CEB501E29A49C8FC7 /* ExtractSection.m */ = {isa = PBXFileReference; fileEncoding = 4; lastKnownFileType = sourcecode.c.objc; path = ExtractSection.m; sourceTree = "<group>"; };
		7772285A43C6E2ACC5BA0A18 /* ABDPlaybackView.h */ = {isa = PBXFileReference; fileEncoding = 4; lastKnownFileType = sourcecode.c.h; path = ABDPlaybackView.h; sourceTree = "<group>"; };
		77722D79972462C08E0CF93C /* ABDPlaybackView.m */ = {isa = PBXFileReference; fileEncoding = 4; lastKnownFileType = sourcecode.c.objc; path = ABDPlaybackView.m; sourceTree = "<group>"; };
		AC6009DC0E13367AC920E021 /* Pods.release.xcconfig */ = {isa = PBXFileReference; includeInIndex = 1; lastKnownFileType = text.xcconfig; name = Pods.release.xcconfig; path = "../Pods/Target Support Files/Pods/Pods.release.xcconfig"; sourceTree = "<group>"; };
		D78DA377083B18294D2CE893 /* libPods.a */ = {isa = PBXFileReference; explicitFileType = archive.ar; includeInIndex = 0; path = libPods.a; sourceTree = BUILT_PRODUCTS_DIR; };
/* End PBXFileReference section */

/* Begin PBXFrameworksBuildPhase section */
		0466D2531A77596600092D08 /* Frameworks */ = {
			isa = PBXFrameworksBuildPhase;
			buildActionMask = 2147483647;
			files = (
				04E3AFC31A81E865002DBB4D /* AVFoundation.framework in Frameworks */,
				BE8A7480BCE6ABF5789B53B1 /* libPods.a in Frameworks */,
			);
			runOnlyForDeploymentPostprocessing = 0;
		};
		0466D26C1A77596600092D08 /* Frameworks */ = {
			isa = PBXFrameworksBuildPhase;
			buildActionMask = 2147483647;
			files = (
			);
			runOnlyForDeploymentPostprocessing = 0;
		};
/* End PBXFrameworksBuildPhase section */

/* Begin PBXGroup section */
		0466D24D1A77596600092D08 = {
			isa = PBXGroup;
			children = (
				0466D2581A77596600092D08 /* ABDVideoExtract */,
				0466D2721A77596600092D08 /* ABDVideoExtractTests */,
				0466D2571A77596600092D08 /* Products */,
				07C7E37EA06CFBDFCF5D0966 /* Pods */,
				C4FC5D47B386172ED7EFE1C5 /* Frameworks */,
			);
			sourceTree = "<group>";
		};
		0466D2571A77596600092D08 /* Products */ = {
			isa = PBXGroup;
			children = (
				0466D2561A77596600092D08 /* ABDVideoExtract.app */,
				0466D26F1A77596600092D08 /* ABDVideoExtractTests.xctest */,
			);
			name = Products;
			sourceTree = "<group>";
		};
		0466D2581A77596600092D08 /* ABDVideoExtract */ = {
			isa = PBXGroup;
			children = (
				0466D25D1A77596600092D08 /* AppDelegate.h */,
				0466D25E1A77596600092D08 /* AppDelegate.m */,
				0466D2601A77596600092D08 /* ViewController.h */,
				0466D2611A77596600092D08 /* ViewController.m */,
				0466D2631A77596600092D08 /* Main.storyboard */,
				0466D2661A77596600092D08 /* Images.xcassets */,
				0466D2681A77596600092D08 /* LaunchScreen.xib */,
				0466D2591A77596600092D08 /* Supporting Files */,
				777228438658165C982A143F /* ABDVideoPlayerController */,
				7772245463F68C96AEC5967B /* Models */,
				7772209E4F718C6C97894D9D /* Utilities */,
			);
			path = ABDVideoExtract;
			sourceTree = "<group>";
		};
		0466D2591A77596600092D08 /* Supporting Files */ = {
			isa = PBXGroup;
			children = (
				0466D25A1A77596600092D08 /* Info.plist */,
				0466D25B1A77596600092D08 /* main.m */,
				77722FD62A986BB3B5FF2D49 /* extractSliderAssets */,
			);
			name = "Supporting Files";
			sourceTree = "<group>";
		};
		0466D2721A77596600092D08 /* ABDVideoExtractTests */ = {
			isa = PBXGroup;
			children = (
				0466D2751A77596600092D08 /* ABDVideoExtractTests.m */,
				0466D2731A77596600092D08 /* Supporting Files */,
			);
			path = ABDVideoExtractTests;
			sourceTree = "<group>";
		};
		0466D2731A77596600092D08 /* Supporting Files */ = {
			isa = PBXGroup;
			children = (
				0466D2741A77596600092D08 /* Info.plist */,
			);
			name = "Supporting Files";
			sourceTree = "<group>";
		};
		07C7E37EA06CFBDFCF5D0966 /* Pods */ = {
			isa = PBXGroup;
			children = (
				50F14C761127AA8BCD082E3B /* Pods.debug.xcconfig */,
				AC6009DC0E13367AC920E021 /* Pods.release.xcconfig */,
			);
			name = Pods;
			sourceTree = "<group>";
		};
		7772209E4F718C6C97894D9D /* Utilities */ = {
			isa = PBXGroup;
			children = (
			);
			name = Utilities;
			sourceTree = "<group>";
		};
		7772245463F68C96AEC5967B /* Models */ = {
			isa = PBXGroup;
			children = (
				777223394EC4D7CDD41EAC48 /* ExtractSection.h */,
				7772267CEB501E29A49C8FC7 /* ExtractSection.m */,
			);
			name = Models;
			sourceTree = "<group>";
		};
		777228438658165C982A143F /* ABDVideoPlayerController */ = {
			isa = PBXGroup;
			children = (
				77722022BAA09760E74C1E0D /* ABDExtractSlider.h */,
				777224EB1B0C458AC2423CF0 /* ABDExtractSlider.m */,
				7772285A43C6E2ACC5BA0A18 /* ABDPlaybackView.h */,
				77722D79972462C08E0CF93C /* ABDPlaybackView.m */,
				777222CA363D93E8DD57617C /* ABDPlayerViewController.h */,
				7772254FA99B63169523E033 /* ABDPlayerViewController.m */,
				7772208354F438CE6D1DBD4E /* ABDPlayerControls.h */,
				77722589955D461E8EE4F7F7 /* ABDPlayerControls.m */,
			);
			name = ABDVideoPlayerController;
			sourceTree = "<group>";
		};
		77722FD62A986BB3B5FF2D49 /* extractSliderAssets */ = {
			isa = PBXGroup;
			children = (
				046F7C131A7A01C300084B94 /* slider_active@2x.png */,
				046F7C141A7A01C300084B94 /* slider_deactive@2x.png */,
				046F7C151A7A01C300084B94 /* slider_section_active@2x.png */,
				046F7C161A7A01C300084B94 /* slider_thumb@2x.png */,
			);
			name = extractSliderAssets;
			sourceTree = "<group>";
		};
		C4FC5D47B386172ED7EFE1C5 /* Frameworks */ = {
			isa = PBXGroup;
			children = (
				04E3AFC21A81E865002DBB4D /* AVFoundation.framework */,
				D78DA377083B18294D2CE893 /* libPods.a */,
			);
			name = Frameworks;
			sourceTree = "<group>";
		};
/* End PBXGroup section */

/* Begin PBXNativeTarget section */
		0466D2551A77596600092D08 /* ABDVideoExtract */ = {
			isa = PBXNativeTarget;
			buildConfigurationList = 0466D2791A77596600092D08 /* Build configuration list for PBXNativeTarget "ABDVideoExtract" */;
			buildPhases = (
				B0929DBA47328A2D7CE45FB6 /* Check Pods Manifest.lock */,
				0466D2521A77596600092D08 /* Sources */,
				0466D2531A77596600092D08 /* Frameworks */,
				0466D2541A77596600092D08 /* Resources */,
				4C6E3B4F63FE304A086D8FCC /* Copy Pods Resources */,
			);
			buildRules = (
			);
			dependencies = (
			);
			name = ABDVideoExtract;
			productName = ABDVideoExtract;
			productReference = 0466D2561A77596600092D08 /* ABDVideoExtract.app */;
			productType = "com.apple.product-type.application";
		};
		0466D26E1A77596600092D08 /* ABDVideoExtractTests */ = {
			isa = PBXNativeTarget;
			buildConfigurationList = 0466D27C1A77596600092D08 /* Build configuration list for PBXNativeTarget "ABDVideoExtractTests" */;
			buildPhases = (
				0466D26B1A77596600092D08 /* Sources */,
				0466D26C1A77596600092D08 /* Frameworks */,
				0466D26D1A77596600092D08 /* Resources */,
			);
			buildRules = (
			);
			dependencies = (
				0466D2711A77596600092D08 /* PBXTargetDependency */,
			);
			name = ABDVideoExtractTests;
			productName = ABDVideoExtractTests;
			productReference = 0466D26F1A77596600092D08 /* ABDVideoExtractTests.xctest */;
			productType = "com.apple.product-type.bundle.unit-test";
		};
/* End PBXNativeTarget section */

/* Begin PBXProject section */
		0466D24E1A77596600092D08 /* Project object */ = {
			isa = PBXProject;
			attributes = {
				LastUpgradeCheck = 0610;
				ORGANIZATIONNAME = "anbado video";
				TargetAttributes = {
					0466D2551A77596600092D08 = {
						CreatedOnToolsVersion = 6.1.1;
					};
					0466D26E1A77596600092D08 = {
						CreatedOnToolsVersion = 6.1.1;
						TestTargetID = 0466D2551A77596600092D08;
					};
				};
			};
			buildConfigurationList = 0466D2511A77596600092D08 /* Build configuration list for PBXProject "ABDVideoExtract" */;
			compatibilityVersion = "Xcode 3.2";
			developmentRegion = English;
			hasScannedForEncodings = 0;
			knownRegions = (
				en,
				Base,
			);
			mainGroup = 0466D24D1A77596600092D08;
			productRefGroup = 0466D2571A77596600092D08 /* Products */;
			projectDirPath = "";
			projectRoot = "";
			targets = (
				0466D2551A77596600092D08 /* ABDVideoExtract */,
				0466D26E1A77596600092D08 /* ABDVideoExtractTests */,
			);
		};
/* End PBXProject section */

/* Begin PBXResourcesBuildPhase section */
		0466D2541A77596600092D08 /* Resources */ = {
			isa = PBXResourcesBuildPhase;
			buildActionMask = 2147483647;
			files = (
				046F7C1A1A7A01C300084B94 /* slider_thumb@2x.png in Resources */,
				0466D2651A77596600092D08 /* Main.storyboard in Resources */,
				0466D26A1A77596600092D08 /* LaunchScreen.xib in Resources */,
				0466D2671A77596600092D08 /* Images.xcassets in Resources */,
				046F7C191A7A01C300084B94 /* slider_section_active@2x.png in Resources */,
				046F7C171A7A01C300084B94 /* slider_active@2x.png in Resources */,
				046F7C181A7A01C300084B94 /* slider_deactive@2x.png in Resources */,
			);
			runOnlyForDeploymentPostprocessing = 0;
		};
		0466D26D1A77596600092D08 /* Resources */ = {
			isa = PBXResourcesBuildPhase;
			buildActionMask = 2147483647;
			files = (
			);
			runOnlyForDeploymentPostprocessing = 0;
		};
/* End PBXResourcesBuildPhase section */

/* Begin PBXShellScriptBuildPhase section */
		4C6E3B4F63FE304A086D8FCC /* Copy Pods Resources */ = {
			isa = PBXShellScriptBuildPhase;
			buildActionMask = 2147483647;
			files = (
			);
			inputPaths = (
			);
			name = "Copy Pods Resources";
			outputPaths = (
			);
			runOnlyForDeploymentPostprocessing = 0;
			shellPath = /bin/sh;
			shellScript = "\"${SRCROOT}/../Pods/Target Support Files/Pods/Pods-resources.sh\"\n";
			showEnvVarsInLog = 0;
		};
		B0929DBA47328A2D7CE45FB6 /* Check Pods Manifest.lock */ = {
			isa = PBXShellScriptBuildPhase;
			buildActionMask = 2147483647;
			files = (
			);
			inputPaths = (
			);
			name = "Check Pods Manifest.lock";
			outputPaths = (
			);
			runOnlyForDeploymentPostprocessing = 0;
			shellPath = /bin/sh;
			shellScript = "diff \"${PODS_ROOT}/../Podfile.lock\" \"${PODS_ROOT}/Manifest.lock\" > /dev/null\nif [[ $? != 0 ]] ; then\n    cat << EOM\nerror: The sandbox is not in sync with the Podfile.lock. Run 'pod install' or update your CocoaPods installation.\nEOM\n    exit 1\nfi\n";
			showEnvVarsInLog = 0;
		};
/* End PBXShellScriptBuildPhase section */

/* Begin PBXSourcesBuildPhase section */
		0466D2521A77596600092D08 /* Sources */ = {
			isa = PBXSourcesBuildPhase;
			buildActionMask = 2147483647;
			files = (
				0466D2621A77596600092D08 /* ViewController.m in Sources */,
				0466D25F1A77596600092D08 /* AppDelegate.m in Sources */,
				0466D25C1A77596600092D08 /* main.m in Sources */,
				777227875D7B095B5DDCE276 /* ExtractSection.m in Sources */,
				7772229CF85E509617B60DAB /* ABDExtractSlider.m in Sources */,
				77722E1C6757CA840EDD768A /* ABDPlaybackView.m in Sources */,
				77722F54027E30E92EEF59E5 /* ABDPlayerViewController.m in Sources */,
				77722EDEFEF592E1238603FF /* ABDPlayerControls.m in Sources */,
			);
			runOnlyForDeploymentPostprocessing = 0;
		};
		0466D26B1A77596600092D08 /* Sources */ = {
			isa = PBXSourcesBuildPhase;
			buildActionMask = 2147483647;
			files = (
				0466D2761A77596600092D08 /* ABDVideoExtractTests.m in Sources */,
			);
			runOnlyForDeploymentPostprocessing = 0;
		};
/* End PBXSourcesBuildPhase section */

/* Begin PBXTargetDependency section */
		0466D2711A77596600092D08 /* PBXTargetDependency */ = {
			isa = PBXTargetDependency;
			target = 0466D2551A77596600092D08 /* ABDVideoExtract */;
			targetProxy = 0466D2701A77596600092D08 /* PBXContainerItemProxy */;
		};
/* End PBXTargetDependency section */

/* Begin PBXVariantGroup section */
		0466D2631A77596600092D08 /* Main.storyboard */ = {
			isa = PBXVariantGroup;
			children = (
				0466D2641A77596600092D08 /* Base */,
			);
			name = Main.storyboard;
			sourceTree = "<group>";
		};
		0466D2681A77596600092D08 /* LaunchScreen.xib */ = {
			isa = PBXVariantGroup;
			children = (
				0466D2691A77596600092D08 /* Base */,
			);
			name = LaunchScreen.xib;
			sourceTree = "<group>";
		};
/* End PBXVariantGroup section */

/* Begin XCBuildConfiguration section */
		0466D2771A77596600092D08 /* Debug */ = {
			isa = XCBuildConfiguration;
			buildSettings = {
				ALWAYS_SEARCH_USER_PATHS = NO;
				CLANG_CXX_LANGUAGE_STANDARD = "gnu++0x";
				CLANG_CXX_LIBRARY = "libc++";
				CLANG_ENABLE_MODULES = YES;
				CLANG_ENABLE_OBJC_ARC = YES;
				CLANG_WARN_BOOL_CONVERSION = YES;
				CLANG_WARN_CONSTANT_CONVERSION = YES;
				CLANG_WARN_DIRECT_OBJC_ISA_USAGE = YES_ERROR;
				CLANG_WARN_EMPTY_BODY = YES;
				CLANG_WARN_ENUM_CONVERSION = YES;
				CLANG_WARN_INT_CONVERSION = YES;
				CLANG_WARN_OBJC_ROOT_CLASS = YES_ERROR;
				CLANG_WARN_UNREACHABLE_CODE = YES;
				CLANG_WARN__DUPLICATE_METHOD_MATCH = YES;
				"CODE_SIGN_IDENTITY[sdk=iphoneos*]" = "iPhone Developer";
				COPY_PHASE_STRIP = NO;
				ENABLE_STRICT_OBJC_MSGSEND = YES;
				GCC_C_LANGUAGE_STANDARD = gnu99;
				GCC_DYNAMIC_NO_PIC = NO;
				GCC_OPTIMIZATION_LEVEL = 0;
				GCC_PREPROCESSOR_DEFINITIONS = (
					"DEBUG=1",
					"$(inherited)",
				);
				GCC_SYMBOLS_PRIVATE_EXTERN = NO;
				GCC_WARN_64_TO_32_BIT_CONVERSION = YES;
				GCC_WARN_ABOUT_RETURN_TYPE = YES_ERROR;
				GCC_WARN_UNDECLARED_SELECTOR = YES;
				GCC_WARN_UNINITIALIZED_AUTOS = YES_AGGRESSIVE;
				GCC_WARN_UNUSED_FUNCTION = YES;
				GCC_WARN_UNUSED_VARIABLE = YES;
				IPHONEOS_DEPLOYMENT_TARGET = 8.1;
				MTL_ENABLE_DEBUG_INFO = YES;
				ONLY_ACTIVE_ARCH = YES;
				SDKROOT = iphoneos;
			};
			name = Debug;
		};
		0466D2781A77596600092D08 /* Release */ = {
			isa = XCBuildConfiguration;
			buildSettings = {
				ALWAYS_SEARCH_USER_PATHS = NO;
				CLANG_CXX_LANGUAGE_STANDARD = "gnu++0x";
				CLANG_CXX_LIBRARY = "libc++";
				CLANG_ENABLE_MODULES = YES;
				CLANG_ENABLE_OBJC_ARC = YES;
				CLANG_WARN_BOOL_CONVERSION = YES;
				CLANG_WARN_CONSTANT_CONVERSION = YES;
				CLANG_WARN_DIRECT_OBJC_ISA_USAGE = YES_ERROR;
				CLANG_WARN_EMPTY_BODY = YES;
				CLANG_WARN_ENUM_CONVERSION = YES;
				CLANG_WARN_INT_CONVERSION = YES;
				CLANG_WARN_OBJC_ROOT_CLASS = YES_ERROR;
				CLANG_WARN_UNREACHABLE_CODE = YES;
				CLANG_WARN__DUPLICATE_METHOD_MATCH = YES;
				"CODE_SIGN_IDENTITY[sdk=iphoneos*]" = "iPhone Developer";
				COPY_PHASE_STRIP = YES;
				ENABLE_NS_ASSERTIONS = NO;
				ENABLE_STRICT_OBJC_MSGSEND = YES;
				GCC_C_LANGUAGE_STANDARD = gnu99;
				GCC_WARN_64_TO_32_BIT_CONVERSION = YES;
				GCC_WARN_ABOUT_RETURN_TYPE = YES_ERROR;
				GCC_WARN_UNDECLARED_SELECTOR = YES;
				GCC_WARN_UNINITIALIZED_AUTOS = YES_AGGRESSIVE;
				GCC_WARN_UNUSED_FUNCTION = YES;
				GCC_WARN_UNUSED_VARIABLE = YES;
				IPHONEOS_DEPLOYMENT_TARGET = 8.1;
				MTL_ENABLE_DEBUG_INFO = NO;
				SDKROOT = iphoneos;
				VALIDATE_PRODUCT = YES;
			};
			name = Release;
		};
		0466D27A1A77596600092D08 /* Debug */ = {
			isa = XCBuildConfiguration;
			baseConfigurationReference = 50F14C761127AA8BCD082E3B /* Pods.debug.xcconfig */;
			buildSettings = {
				ASSETCATALOG_COMPILER_APPICON_NAME = AppIcon;
				INFOPLIST_FILE = ABDVideoExtract/Info.plist;
				LD_RUNPATH_SEARCH_PATHS = "$(inherited) @executable_path/Frameworks";
				PRODUCT_NAME = "$(TARGET_NAME)";
			};
			name = Debug;
		};
		0466D27B1A77596600092D08 /* Release */ = {
			isa = XCBuildConfiguration;
			baseConfigurationReference = AC6009DC0E13367AC920E021 /* Pods.release.xcconfig */;
			buildSettings = {
				ASSETCATALOG_COMPILER_APPICON_NAME = AppIcon;
				INFOPLIST_FILE = ABDVideoExtract/Info.plist;
				LD_RUNPATH_SEARCH_PATHS = "$(inherited) @executable_path/Frameworks";
				PRODUCT_NAME = "$(TARGET_NAME)";
			};
			name = Release;
		};
		0466D27D1A77596600092D08 /* Debug */ = {
			isa = XCBuildConfiguration;
			buildSettings = {
				BUNDLE_LOADER = "$(TEST_HOST)";
				FRAMEWORK_SEARCH_PATHS = (
					"$(SDKROOT)/Developer/Library/Frameworks",
					"$(inherited)",
				);
				GCC_PREPROCESSOR_DEFINITIONS = (
					"DEBUG=1",
					"$(inherited)",
				);
				INFOPLIST_FILE = ABDVideoExtractTests/Info.plist;
				LD_RUNPATH_SEARCH_PATHS = "$(inherited) @executable_path/Frameworks @loader_path/Frameworks";
				PRODUCT_NAME = "$(TARGET_NAME)";
				TEST_HOST = "$(BUILT_PRODUCTS_DIR)/ABDVideoExtract.app/ABDVideoExtract";
			};
			name = Debug;
		};
		0466D27E1A77596600092D08 /* Release */ = {
			isa = XCBuildConfiguration;
			buildSettings = {
				BUNDLE_LOADER = "$(TEST_HOST)";
				FRAMEWORK_SEARCH_PATHS = (
					"$(SDKROOT)/Developer/Library/Frameworks",
					"$(inherited)",
				);
				INFOPLIST_FILE = ABDVideoExtractTests/Info.plist;
				LD_RUNPATH_SEARCH_PATHS = "$(inherited) @executable_path/Frameworks @loader_path/Frameworks";
				PRODUCT_NAME = "$(TARGET_NAME)";
				TEST_HOST = "$(BUILT_PRODUCTS_DIR)/ABDVideoExtract.app/ABDVideoExtract";
			};
			name = Release;
		};
/* End XCBuildConfiguration section */

/* Begin XCConfigurationList section */
		0466D2511A77596600092D08 /* Build configuration list for PBXProject "ABDVideoExtract" */ = {
			isa = XCConfigurationList;
			buildConfigurations = (
				0466D2771A77596600092D08 /* Debug */,
				0466D2781A77596600092D08 /* Release */,
			);
			defaultConfigurationIsVisible = 0;
			defaultConfigurationName = Release;
		};
		0466D2791A77596600092D08 /* Build configuration list for PBXNativeTarget "ABDVideoExtract" */ = {
			isa = XCConfigurationList;
			buildConfigurations = (
				0466D27A1A77596600092D08 /* Debug */,
				0466D27B1A77596600092D08 /* Release */,
			);
			defaultConfigurationIsVisible = 0;
			defaultConfigurationName = Release;
		};
		0466D27C1A77596600092D08 /* Build configuration list for PBXNativeTarget "ABDVideoExtractTests" */ = {
			isa = XCConfigurationList;
			buildConfigurations = (
				0466D27D1A77596600092D08 /* Debug */,
				0466D27E1A77596600092D08 /* Release */,
			);
			defaultConfigurationIsVisible = 0;
			defaultConfigurationName = Release;
		};
/* End XCConfigurationList section */
	};
	rootObject = 0466D24E1A77596600092D08 /* Project object */;
}
